
Microsoft Visual Studio Solution File, Format Version 12.00
# Visual Studio Version 16
VisualStudioVersion = 25.0.1703.8
MinimumVisualStudioVersion = 10.0.40219.1
Project("{FAE04EC0-301F-11D3-BF4B-00C04F79EFBC}") = "Homework1_4_2", "Homework1_4_2\Homework1_4_2.csproj", "{05994FE3-501A-43A8-B47C-F0BA20383713}"
EndProject
Global
	GlobalSection(SolutionConfigurationPlatforms) = preSolution
		Debug|Any CPU = Debug|Any CPU
		Release|Any CPU = Release|Any CPU
	EndGlobalSection
	GlobalSection(ProjectConfigurationPlatforms) = postSolution
		{05994FE3-501A-43A8-B47C-F0BA20383713}.Debug|Any CPU.ActiveCfg = Debug|Any CPU
		{05994FE3-501A-43A8-B47C-F0BA20383713}.Debug|Any CPU.Build.0 = Debug|Any CPU
		{05994FE3-501A-43A8-B47C-F0BA20383713}.Release|Any CPU.ActiveCfg = Release|Any CPU
		{05994FE3-501A-43A8-B47C-F0BA20383713}.Release|Any CPU.Build.0 = Release|Any CPU
	EndGlobalSection
	GlobalSection(SolutionProperties) = preSolution
		HideSolutionNode = FALSE
	EndGlobalSection
	GlobalSection(ExtensibilityGlobals) = postSolution
		SolutionGuid = {16CA7194-0FC4-45EF-AF29-129D3A660B20}
	EndGlobalSection
EndGlobal
